
Microsoft Visual Studio Solution File, Format Version 12.00
# Visual Studio Version 17
VisualStudioVersion = 17.8.34322.80
MinimumVisualStudioVersion = 10.0.40219.1
Project("{2150E333-8FDC-42A3-9474-1A3956D46DE8}") = "src", "src", "{13D3DD84-544D-4A5D-8B38-9DAB68FB8946}"
EndProject
Project("{2150E333-8FDC-42A3-9474-1A3956D46DE8}") = "test", "test", "{03ED3796-DA68-4AB3-98B2-DE2FA19E544E}"
EndProject
Project("{9A19103F-16F7-4668-BE54-9A1E7A4F7556}") = "GenericRepository.API", "GenericRepository.API\GenericRepository.API.csproj", "{D9410E23-9846-48BB-AB8D-79EB3AED705F}"
EndProject
Project("{9A19103F-16F7-4668-BE54-9A1E7A4F7556}") = "GenericRepository.Data", "GenericRepository.Data\GenericRepository.Data.csproj", "{B26653AB-53D4-4356-942C-9E3F3DF14A5D}"
EndProject
Project("{9A19103F-16F7-4668-BE54-9A1E7A4F7556}") = "GenericRepository.Domain", "GenericRepository.Domain\GenericRepository.Domain.csproj", "{76DD4585-CF8C-4A36-8369-05809E5CA576}"
EndProject
Global
	GlobalSection(SolutionConfigurationPlatforms) = preSolution
		Debug|Any CPU = Debug|Any CPU
		Release|Any CPU = Release|Any CPU
	EndGlobalSection
	GlobalSection(ProjectConfigurationPlatforms) = postSolution
		{D9410E23-9846-48BB-AB8D-79EB3AED705F}.Debug|Any CPU.ActiveCfg = Debug|Any CPU
		{D9410E23-9846-48BB-AB8D-79EB3AED705F}.Debug|Any CPU.Build.0 = Debug|Any CPU
		{D9410E23-9846-48BB-AB8D-79EB3AED705F}.Release|Any CPU.ActiveCfg = Release|Any CPU
		{D9410E23-9846-48BB-AB8D-79EB3AED705F}.Release|Any CPU.Build.0 = Release|Any CPU
		{B26653AB-53D4-4356-942C-9E3F3DF14A5D}.Debug|Any CPU.ActiveCfg = Debug|Any CPU
		{B26653AB-53D4-4356-942C-9E3F3DF14A5D}.Debug|Any CPU.Build.0 = Debug|Any CPU
		{B26653AB-53D4-4356-942C-9E3F3DF14A5D}.Release|Any CPU.ActiveCfg = Release|Any CPU
		{B26653AB-53D4-4356-942C-9E3F3DF14A5D}.Release|Any CPU.Build.0 = Release|Any CPU
		{76DD4585-CF8C-4A36-8369-05809E5CA576}.Debug|Any CPU.ActiveCfg = Debug|Any CPU
		{76DD4585-CF8C-4A36-8369-05809E5CA576}.Debug|Any CPU.Build.0 = Debug|Any CPU
		{76DD4585-CF8C-4A36-8369-05809E5CA576}.Release|Any CPU.ActiveCfg = Release|Any CPU
		{76DD4585-CF8C-4A36-8369-05809E5CA576}.Release|Any CPU.Build.0 = Release|Any CPU
	EndGlobalSection
	GlobalSection(SolutionProperties) = preSolution
		HideSolutionNode = FALSE
	EndGlobalSection
	GlobalSection(NestedProjects) = preSolution
		{D9410E23-9846-48BB-AB8D-79EB3AED705F} = {13D3DD84-544D-4A5D-8B38-9DAB68FB8946}
		{B26653AB-53D4-4356-942C-9E3F3DF14A5D} = {13D3DD84-544D-4A5D-8B38-9DAB68FB8946}
		{76DD4585-CF8C-4A36-8369-05809E5CA576} = {13D3DD84-544D-4A5D-8B38-9DAB68FB8946}
	EndGlobalSection
	GlobalSection(ExtensibilityGlobals) = postSolution
		SolutionGuid = {B9C489DA-66B1-4E78-BAD3-D878CD69F683}
	EndGlobalSection
EndGlobal
